{
  "name": "fountain-autocomplete",
  "version": "0.0.1",
  "lockfileVersion": 1,
  "requires": true,
  "dependencies": {
    "atom-slick": {
      "version": "2.0.0",
      "resolved": "https://registry.npmjs.org/atom-slick/-/atom-slick-2.0.0.tgz",
      "integrity": "sha1-/w2+Fb4sTtomi50w124lF+C308o="
    }
  }
}
